
Microsoft Visual Studio Solution File, Format Version 12.00
# Visual Studio Version 16
VisualStudioVersion = 16.0.31402.337
MinimumVisualStudioVersion = 10.0.40219.1
Project("{888888A0-9F3D-457C-B088-3A5042F75D52}") = "Builder", "Builder\Builder.pyproj", "{8F27CA14-EE7B-4398-80AA-B142D4BB8626}"
EndProject
Global
	GlobalSection(SolutionConfigurationPlatforms) = preSolution
		Debug|Any CPU = Debug|Any CPU
		Release|Any CPU = Release|Any CPU
	EndGlobalSection
	GlobalSection(ProjectConfigurationPlatforms) = postSolution
		{8F27CA14-EE7B-4398-80AA-B142D4BB8626}.Debug|Any CPU.ActiveCfg = Debug|Any CPU
		{8F27CA14-EE7B-4398-80AA-B142D4BB8626}.Debug|Any CPU.Build.0 = Debug|Any CPU
		{8F27CA14-EE7B-4398-80AA-B142D4BB8626}.Release|Any CPU.ActiveCfg = Release|Any CPU
		{8F27CA14-EE7B-4398-80AA-B142D4BB8626}.Release|Any CPU.Build.0 = Release|Any CPU
	EndGlobalSection
	GlobalSection(SolutionProperties) = preSolution
		HideSolutionNode = FALSE
	EndGlobalSection
	GlobalSection(ExtensibilityGlobals) = postSolution
		SolutionGuid = {728ABBBB-312E-42F7-BF8A-4A0436880CA3}
	EndGlobalSection
EndGlobal
